
Microsoft Visual Studio Solution File, Format Version 12.00
# Visual Studio Version 17
VisualStudioVersion = 17.6.33829.357
MinimumVisualStudioVersion = 10.0.40219.1
Project("{FAE04EC0-301F-11D3-BF4B-00C04F79EFBC}") = "SpawnSleepersInRange", "SpawnSleepersInRange.csproj", "{B7C35A19-8FF8-4906-ACDA-44C616F368CE}"
EndProject
Global
	GlobalSection(SolutionConfigurationPlatforms) = preSolution
		Debug|Any CPU = Debug|Any CPU
		Release|Any CPU = Release|Any CPU
	EndGlobalSection
	GlobalSection(ProjectConfigurationPlatforms) = postSolution
		{B7C35A19-8FF8-4906-ACDA-44C616F368CE}.Debug|Any CPU.ActiveCfg = Debug|Any CPU
		{B7C35A19-8FF8-4906-ACDA-44C616F368CE}.Debug|Any CPU.Build.0 = Debug|Any CPU
		{B7C35A19-8FF8-4906-ACDA-44C616F368CE}.Release|Any CPU.ActiveCfg = Release|Any CPU
		{B7C35A19-8FF8-4906-ACDA-44C616F368CE}.Release|Any CPU.Build.0 = Release|Any CPU
	EndGlobalSection
	GlobalSection(SolutionProperties) = preSolution
		HideSolutionNode = FALSE
	EndGlobalSection
	GlobalSection(ExtensibilityGlobals) = postSolution
		SolutionGuid = {15233707-C64B-4B2C-AD2D-AF1802C82208}
	EndGlobalSection
EndGlobal
